
Microsoft Visual Studio Solution File, Format Version 12.00
# Visual Studio Version 17
VisualStudioVersion = 17.7.34031.279
MinimumVisualStudioVersion = 10.0.40219.1
Project("{8BC9CEB8-8B4A-11D0-8D11-00A0C91BC942}") = "Pool_Game", "Pool_Game\Pool_Game.vcxproj", "{04D59F46-0F9B-4E17-8942-3FE7BB4BC087}"
EndProject
Global
	GlobalSection(SolutionConfigurationPlatforms) = preSolution
		Debug|x64 = Debug|x64
		Debug|x86 = Debug|x86
		Release|x64 = Release|x64
		Release|x86 = Release|x86
	EndGlobalSection
	GlobalSection(ProjectConfigurationPlatforms) = postSolution
		{04D59F46-0F9B-4E17-8942-3FE7BB4BC087}.Debug|x64.ActiveCfg = Debug|x64
		{04D59F46-0F9B-4E17-8942-3FE7BB4BC087}.Debug|x64.Build.0 = Debug|x64
		{04D59F46-0F9B-4E17-8942-3FE7BB4BC087}.Debug|x86.ActiveCfg = Debug|Win32
		{04D59F46-0F9B-4E17-8942-3FE7BB4BC087}.Debug|x86.Build.0 = Debug|Win32
		{04D59F46-0F9B-4E17-8942-3FE7BB4BC087}.Release|x64.ActiveCfg = Release|x64
		{04D59F46-0F9B-4E17-8942-3FE7BB4BC087}.Release|x64.Build.0 = Release|x64
		{04D59F46-0F9B-4E17-8942-3FE7BB4BC087}.Release|x86.ActiveCfg = Release|Win32
		{04D59F46-0F9B-4E17-8942-3FE7BB4BC087}.Release|x86.Build.0 = Release|Win32
	EndGlobalSection
	GlobalSection(SolutionProperties) = preSolution
		HideSolutionNode = FALSE
	EndGlobalSection
	GlobalSection(ExtensibilityGlobals) = postSolution
		SolutionGuid = {074FA7FA-035C-4666-8F9C-0CEA91355175}
	EndGlobalSection
EndGlobal
